
Microsoft Visual Studio Solution File, Format Version 12.00
# Visual Studio 15
VisualStudioVersion = 15.0.28307.852
MinimumVisualStudioVersion = 10.0.40219.1
Project("{9A19103F-16F7-4668-BE54-9A1E7A4F7556}") = "Tacovela.MVC", "Tacovela.MVC.csproj", "{45E2B382-1E66-466F-8C13-A2DD7467D63C}"
EndProject
Global
	GlobalSection(SolutionConfigurationPlatforms) = preSolution
		Debug|Any CPU = Debug|Any CPU
		Release|Any CPU = Release|Any CPU
	EndGlobalSection
	GlobalSection(ProjectConfigurationPlatforms) = postSolution
		{45E2B382-1E66-466F-8C13-A2DD7467D63C}.Debug|Any CPU.ActiveCfg = Debug|Any CPU
		{45E2B382-1E66-466F-8C13-A2DD7467D63C}.Debug|Any CPU.Build.0 = Debug|Any CPU
		{45E2B382-1E66-466F-8C13-A2DD7467D63C}.Release|Any CPU.ActiveCfg = Release|Any CPU
		{45E2B382-1E66-466F-8C13-A2DD7467D63C}.Release|Any CPU.Build.0 = Release|Any CPU
	EndGlobalSection
	GlobalSection(SolutionProperties) = preSolution
		HideSolutionNode = FALSE
	EndGlobalSection
	GlobalSection(ExtensibilityGlobals) = postSolution
		SolutionGuid = {6E54AB52-CC70-42E8-B9AA-9FF36FF95A44}
	EndGlobalSection
EndGlobal
